
Microsoft Visual Studio Solution File, Format Version 12.00
# Visual Studio Version 16
VisualStudioVersion = 16.0.28803.452
MinimumVisualStudioVersion = 10.0.40219.1
Project("{2426918C-DB77-4E1B-A229-ADA271AB164A}") = "DaeCekilis", "DaeCekilis.csproj", "{57071E91-693E-4FBF-9102-262106201977}"
EndProject
Global
	GlobalSection(SolutionConfigurationPlatforms) = preSolution
		Debug|Any CPU = Debug|Any CPU
		Release|Any CPU = Release|Any CPU
	EndGlobalSection
	GlobalSection(ProjectConfigurationPlatforms) = postSolution
		{57071E91-693E-4FBF-9102-262106201977}.Debug|Any CPU.ActiveCfg = Debug|Any CPU
		{57071E91-693E-4FBF-9102-262106201977}.Debug|Any CPU.Build.0 = Debug|Any CPU
		{57071E91-693E-4FBF-9102-262106201977}.Release|Any CPU.ActiveCfg = Release|Any CPU
		{57071E91-693E-4FBF-9102-262106201977}.Release|Any CPU.Build.0 = Release|Any CPU
	EndGlobalSection
	GlobalSection(SolutionProperties) = preSolution
		HideSolutionNode = FALSE
	EndGlobalSection
EndGlobal
